
Microsoft Visual Studio Solution File, Format Version 12.00
# Visual Studio Version 17
VisualStudioVersion = 17.14.36310.24 d17.14
MinimumVisualStudioVersion = 10.0.40219.1
Project("{FAE04EC0-301F-11D3-BF4B-00C04F79EFBC}") = "Yazilim.shop Animations", "Yazilim.shop Animations\Yazilim.shop Animations.csproj", "{E657DCD8-9807-4042-9754-BD969C666586}"
EndProject
Global
	GlobalSection(SolutionConfigurationPlatforms) = preSolution
		Debug|Any CPU = Debug|Any CPU
		Release|Any CPU = Release|Any CPU
	EndGlobalSection
	GlobalSection(ProjectConfigurationPlatforms) = postSolution
		{E657DCD8-9807-4042-9754-BD969C666586}.Debug|Any CPU.ActiveCfg = Debug|Any CPU
		{E657DCD8-9807-4042-9754-BD969C666586}.Debug|Any CPU.Build.0 = Debug|Any CPU
		{E657DCD8-9807-4042-9754-BD969C666586}.Release|Any CPU.ActiveCfg = Release|Any CPU
		{E657DCD8-9807-4042-9754-BD969C666586}.Release|Any CPU.Build.0 = Release|Any CPU
	EndGlobalSection
	GlobalSection(SolutionProperties) = preSolution
		HideSolutionNode = FALSE
	EndGlobalSection
	GlobalSection(ExtensibilityGlobals) = postSolution
		SolutionGuid = {460CB29A-EB49-44B3-8F7A-3181F2C8C245}
	EndGlobalSection
EndGlobal
